
Microsoft Visual Studio Solution File, Format Version 12.00
# Visual Studio Version 16
VisualStudioVersion = 16.0.32106.194
MinimumVisualStudioVersion = 10.0.40219.1
Project("{9A19103F-16F7-4668-BE54-9A1E7A4F7556}") = "WebApplicationBlazorDatabase", "WebApplicationBlazorDatabase\WebApplicationBlazorDatabase.csproj", "{AF501F29-4DF2-45A2-A16C-ED8EEF1CCC6D}"
EndProject
Global
	GlobalSection(SolutionConfigurationPlatforms) = preSolution
		Debug|Any CPU = Debug|Any CPU
		Release|Any CPU = Release|Any CPU
	EndGlobalSection
	GlobalSection(ProjectConfigurationPlatforms) = postSolution
		{AF501F29-4DF2-45A2-A16C-ED8EEF1CCC6D}.Debug|Any CPU.ActiveCfg = Debug|Any CPU
		{AF501F29-4DF2-45A2-A16C-ED8EEF1CCC6D}.Debug|Any CPU.Build.0 = Debug|Any CPU
		{AF501F29-4DF2-45A2-A16C-ED8EEF1CCC6D}.Release|Any CPU.ActiveCfg = Release|Any CPU
		{AF501F29-4DF2-45A2-A16C-ED8EEF1CCC6D}.Release|Any CPU.Build.0 = Release|Any CPU
	EndGlobalSection
	GlobalSection(SolutionProperties) = preSolution
		HideSolutionNode = FALSE
	EndGlobalSection
	GlobalSection(ExtensibilityGlobals) = postSolution
		SolutionGuid = {1D04C652-29FF-42BC-AF8A-FDBE9EEF8819}
	EndGlobalSection
EndGlobal
